packages:
  axi:
    revision: null
    version: null
    source:
      Path: src/ips/axi
    dependencies:
    - common_cells
    - common_verification
    - tech_cells_generic
  common_cells:
    revision: null
    version: null
    source:
      Path: src/ips/common_cells
    dependencies:
    - common_verification
    - tech_cells_generic
  common_verification:
    revision: null
    version: null
    source:
      Path: src/ips/common_verification
    dependencies: []
  cv_x_if:
    revision: null
    version: null
    source:
      Path: src/ips/cv_x_if
    dependencies: []
  poly_mem:
    revision: e8f0646d18b68df40792a3c14dcd36bb67000fb3
    version: null
    source:
      Git: https://gitlab.com/catalin.ciobanu/PolyMem_System_Verilog.git
    dependencies: []
  tech_cells_generic:
    revision: null
    version: null
    source:
      Path: src/ips/tech_cells_generic
    dependencies:
    - common_verification
