packages:
  axi:
    revision: null
    version: null
    source:
      Path: src/ips/axi
    dependencies:
    - common_cells
    - common_verification
    - tech_cells_generic
  common_cells:
    revision: null
    version: null
    source:
      Path: src/ips/common_cells
    dependencies:
    - common_verification
    - tech_cells_generic
  common_verification:
    revision: null
    version: null
    source:
      Path: src/ips/common_verification
    dependencies: []
  cv_x_if:
    revision: null
    version: null
    source:
      Path: src/ips/cv_x_if
    dependencies: []
  mersenne_ntt:
    revision: 7b9d82e59b753b6d1e04e0f8e894a35777c65257
    version: null
    source:
      Git: https://github.com/mgologanu/MersenneNTT.git
    dependencies: []
  poly_mem:
    revision: null
    version: null
    source:
      Path: src/ips/poly_mem
    dependencies: []
  tech_cells_generic:
    revision: null
    version: null
    source:
      Path: src/ips/tech_cells_generic
    dependencies:
    - common_verification
